
Microsoft Visual Studio Solution File, Format Version 12.00
# Visual Studio Version 17
VisualStudioVersion = 17.7.34202.233
MinimumVisualStudioVersion = 10.0.40219.1
Project("{FAE04EC0-301F-11D3-BF4B-00C04F79EFBC}") = "Bee1078", "Bee1078.csproj", "{E3A227A9-74B5-46D8-9AF1-0EDB6BCF771D}"
EndProject
Global
	GlobalSection(SolutionConfigurationPlatforms) = preSolution
		Debug|Any CPU = Debug|Any CPU
		Release|Any CPU = Release|Any CPU
	EndGlobalSection
	GlobalSection(ProjectConfigurationPlatforms) = postSolution
		{E3A227A9-74B5-46D8-9AF1-0EDB6BCF771D}.Debug|Any CPU.ActiveCfg = Debug|Any CPU
		{E3A227A9-74B5-46D8-9AF1-0EDB6BCF771D}.Debug|Any CPU.Build.0 = Debug|Any CPU
		{E3A227A9-74B5-46D8-9AF1-0EDB6BCF771D}.Release|Any CPU.ActiveCfg = Release|Any CPU
		{E3A227A9-74B5-46D8-9AF1-0EDB6BCF771D}.Release|Any CPU.Build.0 = Release|Any CPU
	EndGlobalSection
	GlobalSection(SolutionProperties) = preSolution
		HideSolutionNode = FALSE
	EndGlobalSection
	GlobalSection(ExtensibilityGlobals) = postSolution
		SolutionGuid = {3789D108-470F-4FC1-98B2-4DCEEADEF734}
	EndGlobalSection
EndGlobal
