
Microsoft Visual Studio Solution File, Format Version 12.00
# Visual Studio Version 17
VisualStudioVersion = 17.7.34202.233
MinimumVisualStudioVersion = 10.0.40219.1
Project("{FAE04EC0-301F-11D3-BF4B-00C04F79EFBC}") = "Uri1154", "Uri1154.csproj", "{15C735CC-1D09-415F-B401-FF9B6FC27966}"
EndProject
Global
	GlobalSection(SolutionConfigurationPlatforms) = preSolution
		Debug|Any CPU = Debug|Any CPU
		Release|Any CPU = Release|Any CPU
	EndGlobalSection
	GlobalSection(ProjectConfigurationPlatforms) = postSolution
		{15C735CC-1D09-415F-B401-FF9B6FC27966}.Debug|Any CPU.ActiveCfg = Debug|Any CPU
		{15C735CC-1D09-415F-B401-FF9B6FC27966}.Debug|Any CPU.Build.0 = Debug|Any CPU
		{15C735CC-1D09-415F-B401-FF9B6FC27966}.Release|Any CPU.ActiveCfg = Release|Any CPU
		{15C735CC-1D09-415F-B401-FF9B6FC27966}.Release|Any CPU.Build.0 = Release|Any CPU
	EndGlobalSection
	GlobalSection(SolutionProperties) = preSolution
		HideSolutionNode = FALSE
	EndGlobalSection
	GlobalSection(ExtensibilityGlobals) = postSolution
		SolutionGuid = {7B1AB244-06BA-4CF0-BFA3-86F5A5AB582E}
	EndGlobalSection
EndGlobal
