
Microsoft Visual Studio Solution File, Format Version 12.00
# Visual Studio Version 17
VisualStudioVersion = 17.7.34202.233
MinimumVisualStudioVersion = 10.0.40219.1
Project("{FAE04EC0-301F-11D3-BF4B-00C04F79EFBC}") = "Bee1042", "Bee1042\Bee1042.csproj", "{34E2D22D-F33B-40BB-B63C-1ACA7F0A524A}"
EndProject
Global
	GlobalSection(SolutionConfigurationPlatforms) = preSolution
		Debug|Any CPU = Debug|Any CPU
		Release|Any CPU = Release|Any CPU
	EndGlobalSection
	GlobalSection(ProjectConfigurationPlatforms) = postSolution
		{34E2D22D-F33B-40BB-B63C-1ACA7F0A524A}.Debug|Any CPU.ActiveCfg = Debug|Any CPU
		{34E2D22D-F33B-40BB-B63C-1ACA7F0A524A}.Debug|Any CPU.Build.0 = Debug|Any CPU
		{34E2D22D-F33B-40BB-B63C-1ACA7F0A524A}.Release|Any CPU.ActiveCfg = Release|Any CPU
		{34E2D22D-F33B-40BB-B63C-1ACA7F0A524A}.Release|Any CPU.Build.0 = Release|Any CPU
	EndGlobalSection
	GlobalSection(SolutionProperties) = preSolution
		HideSolutionNode = FALSE
	EndGlobalSection
	GlobalSection(ExtensibilityGlobals) = postSolution
		SolutionGuid = {257BD88F-1A18-4ED3-9519-FFF0716CCB14}
	EndGlobalSection
EndGlobal
