
Microsoft Visual Studio Solution File, Format Version 12.00
# Visual Studio Version 17
VisualStudioVersion = 17.7.34202.233
MinimumVisualStudioVersion = 10.0.40219.1
Project("{FAE04EC0-301F-11D3-BF4B-00C04F79EFBC}") = "Bee1060", "Bee1060\Bee1060.csproj", "{D8650173-5592-4AAE-B446-6403F8BE7509}"
EndProject
Global
	GlobalSection(SolutionConfigurationPlatforms) = preSolution
		Debug|Any CPU = Debug|Any CPU
		Release|Any CPU = Release|Any CPU
	EndGlobalSection
	GlobalSection(ProjectConfigurationPlatforms) = postSolution
		{D8650173-5592-4AAE-B446-6403F8BE7509}.Debug|Any CPU.ActiveCfg = Debug|Any CPU
		{D8650173-5592-4AAE-B446-6403F8BE7509}.Debug|Any CPU.Build.0 = Debug|Any CPU
		{D8650173-5592-4AAE-B446-6403F8BE7509}.Release|Any CPU.ActiveCfg = Release|Any CPU
		{D8650173-5592-4AAE-B446-6403F8BE7509}.Release|Any CPU.Build.0 = Release|Any CPU
	EndGlobalSection
	GlobalSection(SolutionProperties) = preSolution
		HideSolutionNode = FALSE
	EndGlobalSection
	GlobalSection(ExtensibilityGlobals) = postSolution
		SolutionGuid = {62B7AE23-56E3-4106-8E0E-98D68BB9D31F}
	EndGlobalSection
EndGlobal
