
Microsoft Visual Studio Solution File, Format Version 12.00
# Visual Studio Version 17
VisualStudioVersion = 17.7.34202.233
MinimumVisualStudioVersion = 10.0.40219.1
Project("{FAE04EC0-301F-11D3-BF4B-00C04F79EFBC}") = "Bee1045", "Bee1045\Bee1045.csproj", "{A483D0DE-1AAD-4BDE-B7D0-1A3A1D952215}"
EndProject
Global
	GlobalSection(SolutionConfigurationPlatforms) = preSolution
		Debug|Any CPU = Debug|Any CPU
		Release|Any CPU = Release|Any CPU
	EndGlobalSection
	GlobalSection(ProjectConfigurationPlatforms) = postSolution
		{A483D0DE-1AAD-4BDE-B7D0-1A3A1D952215}.Debug|Any CPU.ActiveCfg = Debug|Any CPU
		{A483D0DE-1AAD-4BDE-B7D0-1A3A1D952215}.Debug|Any CPU.Build.0 = Debug|Any CPU
		{A483D0DE-1AAD-4BDE-B7D0-1A3A1D952215}.Release|Any CPU.ActiveCfg = Release|Any CPU
		{A483D0DE-1AAD-4BDE-B7D0-1A3A1D952215}.Release|Any CPU.Build.0 = Release|Any CPU
	EndGlobalSection
	GlobalSection(SolutionProperties) = preSolution
		HideSolutionNode = FALSE
	EndGlobalSection
	GlobalSection(ExtensibilityGlobals) = postSolution
		SolutionGuid = {A2C389CF-E7CC-49C6-8663-AED8D18B3777}
	EndGlobalSection
EndGlobal
