
Microsoft Visual Studio Solution File, Format Version 12.00
# Visual Studio Version 17
VisualStudioVersion = 17.7.34202.233
MinimumVisualStudioVersion = 10.0.40219.1
Project("{FAE04EC0-301F-11D3-BF4B-00C04F79EFBC}") = "Bee1052", "Bee1052\Bee1052.csproj", "{A511D130-BF2D-4C8D-B8AB-6693B889672E}"
EndProject
Global
	GlobalSection(SolutionConfigurationPlatforms) = preSolution
		Debug|Any CPU = Debug|Any CPU
		Release|Any CPU = Release|Any CPU
	EndGlobalSection
	GlobalSection(ProjectConfigurationPlatforms) = postSolution
		{A511D130-BF2D-4C8D-B8AB-6693B889672E}.Debug|Any CPU.ActiveCfg = Debug|Any CPU
		{A511D130-BF2D-4C8D-B8AB-6693B889672E}.Debug|Any CPU.Build.0 = Debug|Any CPU
		{A511D130-BF2D-4C8D-B8AB-6693B889672E}.Release|Any CPU.ActiveCfg = Release|Any CPU
		{A511D130-BF2D-4C8D-B8AB-6693B889672E}.Release|Any CPU.Build.0 = Release|Any CPU
	EndGlobalSection
	GlobalSection(SolutionProperties) = preSolution
		HideSolutionNode = FALSE
	EndGlobalSection
	GlobalSection(ExtensibilityGlobals) = postSolution
		SolutionGuid = {7F91AE37-9B6A-4ECF-8C86-5D7F5309FAF6}
	EndGlobalSection
EndGlobal
