
Microsoft Visual Studio Solution File, Format Version 12.00
# Visual Studio Version 17
VisualStudioVersion = 17.7.34202.233
MinimumVisualStudioVersion = 10.0.40219.1
Project("{FAE04EC0-301F-11D3-BF4B-00C04F79EFBC}") = "Bee1038", "Bee1038\Bee1038.csproj", "{A617F349-144D-49F2-82E2-BFEF9C3EB38E}"
EndProject
Global
	GlobalSection(SolutionConfigurationPlatforms) = preSolution
		Debug|Any CPU = Debug|Any CPU
		Release|Any CPU = Release|Any CPU
	EndGlobalSection
	GlobalSection(ProjectConfigurationPlatforms) = postSolution
		{A617F349-144D-49F2-82E2-BFEF9C3EB38E}.Debug|Any CPU.ActiveCfg = Debug|Any CPU
		{A617F349-144D-49F2-82E2-BFEF9C3EB38E}.Debug|Any CPU.Build.0 = Debug|Any CPU
		{A617F349-144D-49F2-82E2-BFEF9C3EB38E}.Release|Any CPU.ActiveCfg = Release|Any CPU
		{A617F349-144D-49F2-82E2-BFEF9C3EB38E}.Release|Any CPU.Build.0 = Release|Any CPU
	EndGlobalSection
	GlobalSection(SolutionProperties) = preSolution
		HideSolutionNode = FALSE
	EndGlobalSection
	GlobalSection(ExtensibilityGlobals) = postSolution
		SolutionGuid = {67DFF930-BCF7-483A-A6ED-39B8D01BBEAD}
	EndGlobalSection
EndGlobal
