
Microsoft Visual Studio Solution File, Format Version 12.00
# Visual Studio Version 17
VisualStudioVersion = 17.7.34202.233
MinimumVisualStudioVersion = 10.0.40219.1
Project("{FAE04EC0-301F-11D3-BF4B-00C04F79EFBC}") = "Bee1070", "Bee1070\Bee1070.csproj", "{99B38502-8288-4E65-B602-59E5F893F615}"
EndProject
Global
	GlobalSection(SolutionConfigurationPlatforms) = preSolution
		Debug|Any CPU = Debug|Any CPU
		Release|Any CPU = Release|Any CPU
	EndGlobalSection
	GlobalSection(ProjectConfigurationPlatforms) = postSolution
		{99B38502-8288-4E65-B602-59E5F893F615}.Debug|Any CPU.ActiveCfg = Debug|Any CPU
		{99B38502-8288-4E65-B602-59E5F893F615}.Debug|Any CPU.Build.0 = Debug|Any CPU
		{99B38502-8288-4E65-B602-59E5F893F615}.Release|Any CPU.ActiveCfg = Release|Any CPU
		{99B38502-8288-4E65-B602-59E5F893F615}.Release|Any CPU.Build.0 = Release|Any CPU
	EndGlobalSection
	GlobalSection(SolutionProperties) = preSolution
		HideSolutionNode = FALSE
	EndGlobalSection
	GlobalSection(ExtensibilityGlobals) = postSolution
		SolutionGuid = {6B80647A-5321-41BC-BED3-C3A7230CC880}
	EndGlobalSection
EndGlobal
