
Microsoft Visual Studio Solution File, Format Version 12.00
# Visual Studio Version 17
VisualStudioVersion = 17.7.34202.233
MinimumVisualStudioVersion = 10.0.40219.1
Project("{FAE04EC0-301F-11D3-BF4B-00C04F79EFBC}") = "Problema1020", "Problema1020\Problema1020.csproj", "{16DBBB08-FA3F-469D-94F2-5800B15BA145}"
EndProject
Global
	GlobalSection(SolutionConfigurationPlatforms) = preSolution
		Debug|Any CPU = Debug|Any CPU
		Release|Any CPU = Release|Any CPU
	EndGlobalSection
	GlobalSection(ProjectConfigurationPlatforms) = postSolution
		{16DBBB08-FA3F-469D-94F2-5800B15BA145}.Debug|Any CPU.ActiveCfg = Debug|Any CPU
		{16DBBB08-FA3F-469D-94F2-5800B15BA145}.Debug|Any CPU.Build.0 = Debug|Any CPU
		{16DBBB08-FA3F-469D-94F2-5800B15BA145}.Release|Any CPU.ActiveCfg = Release|Any CPU
		{16DBBB08-FA3F-469D-94F2-5800B15BA145}.Release|Any CPU.Build.0 = Release|Any CPU
	EndGlobalSection
	GlobalSection(SolutionProperties) = preSolution
		HideSolutionNode = FALSE
	EndGlobalSection
	GlobalSection(ExtensibilityGlobals) = postSolution
		SolutionGuid = {D36C8FF3-9D19-48C6-B1D8-D2D13AB168F8}
	EndGlobalSection
EndGlobal
